PODS:
  - Keys (1.0.0)
  - Swifter (2.1.0)
  - TwitterCore (3.1.0)
  - TwitterKit (3.3.0):
    - TwitterCore (>= 3.1.0)

DEPENDENCIES:
  - Keys (from `Pods/CocoaPodsKeys`)
  - Swifter (from `https://github.com/mattdonnelly/Swifter.git`, tag `2.1.0`)
  - TwitterKit

EXTERNAL SOURCES:
  Keys:
    :path: Pods/CocoaPodsKeys
  Swifter:
    :git: https://github.com/mattdonnelly/Swifter.git
    :tag: 2.1.0

CHECKOUT OPTIONS:
  Swifter:
    :git: https://github.com/mattdonnelly/Swifter.git
    :tag: 2.1.0

SPEC CHECKSUMS:
  Keys: af65e23feef2a047b3277b1ef0399f1209ef9d46
  Swifter: bbf4ebde56c9f8c13e6c7270bf6841a5f29dfda3
  TwitterCore: 644d59e75abccb26cf0a9050d2c4dea0e5412241
  TwitterKit: a2e60ddcedbf54091eac6f27685ca7a87681e1d7

PODFILE CHECKSUM: 6e5836336eab43c20b45516ae47e56f61213767c

COCOAPODS: 1.4.0
