// !$*UTF8*$!
{
	archiveVersion = 1;
	classes = {
	};
	objectVersion = 48;
	objects = {

/* Begin PBXBuildFile section */
		A1615533C3007A3A091C51BA /* Pods_Tweet_MonitorTests.framework in Frameworks */ = {isa = PBXBuildFile; fileRef = 17BE771562D8D19C566C8EB2 /* Pods_Tweet_MonitorTests.framework */; };
		A311D598206E7C46003C9242 /* SafariServices.framework in Frameworks */ = {isa = PBXBuildFile; fileRef = A311D597206E7C46003C9242 /* SafariServices.framework */; };
		A387337A206EA8A70064886D /* FilteredListTimelineDataSource.swift in Sources */ = {isa = PBXBuildFile; fileRef = A3873379206EA8A70064886D /* FilteredListTimelineDataSource.swift */; };
		A3940994206FCBED0095320F /* Swifter+Extensions.swift in Sources */ = {isa = PBXBuildFile; fileRef = A3940993206FCBED0095320F /* Swifter+Extensions.swift */; };
		A394099A206FF0720095320F /* TweetText.swift in Sources */ = {isa = PBXBuildFile; fileRef = A3940999206FF0720095320F /* TweetText.swift */; };
		A39409A0206FF7580095320F /* Constants.swift in Sources */ = {isa = PBXBuildFile; fileRef = A394099F206FF7580095320F /* Constants.swift */; };
		C931309D3E1A24962BD93F7F /* Pods_Tweet_Monitor.framework in Frameworks */ = {isa = PBXBuildFile; fileRef = FB09851E4979587FCEB5471D /* Pods_Tweet_Monitor.framework */; };
		F55F13E9206E65D600FC067E /* AppDelegate.swift in Sources */ = {isa = PBXBuildFile; fileRef = F55F13E8206E65D600FC067E /* AppDelegate.swift */; };
		F55F13EB206E65D600FC067E /* TimelineViewController.swift in Sources */ = {isa = PBXBuildFile; fileRef = F55F13EA206E65D600FC067E /* TimelineViewController.swift */; };
		F55F13EE206E65D600FC067E /* Main.storyboard in Resources */ = {isa = PBXBuildFile; fileRef = F55F13EC206E65D600FC067E /* Main.storyboard */; };
		F55F13F0206E65D600FC067E /* Assets.xcassets in Resources */ = {isa = PBXBuildFile; fileRef = F55F13EF206E65D600FC067E /* Assets.xcassets */; };
		F55F13F3206E65D600FC067E /* LaunchScreen.storyboard in Resources */ = {isa = PBXBuildFile; fileRef = F55F13F1206E65D600FC067E /* LaunchScreen.storyboard */; };
		F55F13FE206E65D700FC067E /* Tweet_MonitorTests.swift in Sources */ = {isa = PBXBuildFile; fileRef = F55F13FD206E65D700FC067E /* Tweet_MonitorTests.swift */; };
		F55F140B20703B1300FC067E /* ListSelectionViewController.swift in Sources */ = {isa = PBXBuildFile; fileRef = F55F140A20703B1300FC067E /* ListSelectionViewController.swift */; };
		F55F140D20703C2700FC067E /* Models.swift in Sources */ = {isa = PBXBuildFile; fileRef = F55F140C20703C2700FC067E /* Models.swift */; };
/* End PBXBuildFile section */

/* Begin PBXContainerItemProxy section */
		F55F13FA206E65D700FC067E /* PBXContainerItemProxy */ = {
			isa = PBXContainerItemProxy;
			containerPortal = F55F13DD206E65D600FC067E /* Project object */;
			proxyType = 1;
			remoteGlobalIDString = F55F13E4206E65D600FC067E;
			remoteInfo = "Tweet Monitor";
		};
/* End PBXContainerItemProxy section */

/* Begin PBXFileReference section */
		17BE771562D8D19C566C8EB2 /* Pods_Tweet_MonitorTests.framework */ = {isa = PBXFileReference; explicitFileType = wrapper.framework; includeInIndex = 0; path = Pods_Tweet_MonitorTests.framework; sourceTree = BUILT_PRODUCTS_DIR; };
		5B5330A95129E93184CA0074 /* Pods-Tweet Monitor.debug.xcconfig */ = {isa = PBXFileReference; includeInIndex = 1; lastKnownFileType = text.xcconfig; name = "Pods-Tweet Monitor.debug.xcconfig"; path = "Pods/Target Support Files/Pods-Tweet Monitor/Pods-Tweet Monitor.debug.xcconfig"; sourceTree = "<group>"; };
		77B4EF68E7B01DE23AE0FF05 /* Pods-Tweet MonitorTests.debug.xcconfig */ = {isa = PBXFileReference; includeInIndex = 1; lastKnownFileType = text.xcconfig; name = "Pods-Tweet MonitorTests.debug.xcconfig"; path = "Pods/Target Support Files/Pods-Tweet MonitorTests/Pods-Tweet MonitorTests.debug.xcconfig"; sourceTree = "<group>"; };
		7C0122E792F30362072E05EA /* Pods-Tweet Monitor.release.xcconfig */ = {isa = PBXFileReference; includeInIndex = 1; lastKnownFileType = text.xcconfig; name = "Pods-Tweet Monitor.release.xcconfig"; path = "Pods/Target Support Files/Pods-Tweet Monitor/Pods-Tweet Monitor.release.xcconfig"; sourceTree = "<group>"; };
		A311D597206E7C46003C9242 /* SafariServices.framework */ = {isa = PBXFileReference; lastKnownFileType = wrapper.framework; name = SafariServices.framework; path = System/Library/Frameworks/SafariServices.framework; sourceTree = SDKROOT; };
		A3873379206EA8A70064886D /* FilteredListTimelineDataSource.swift */ = {isa = PBXFileReference; lastKnownFileType = sourcecode.swift; path = FilteredListTimelineDataSource.swift; sourceTree = "<group>"; };
		A3940993206FCBED0095320F /* Swifter+Extensions.swift */ = {isa = PBXFileReference; lastKnownFileType = sourcecode.swift; path = "Swifter+Extensions.swift"; sourceTree = "<group>"; };
		A3940999206FF0720095320F /* TweetText.swift */ = {isa = PBXFileReference; lastKnownFileType = sourcecode.swift; path = TweetText.swift; sourceTree = "<group>"; };
		A394099F206FF7580095320F /* Constants.swift */ = {isa = PBXFileReference; lastKnownFileType = sourcecode.swift; path = Constants.swift; sourceTree = "<group>"; };
		F3EEF0ADD85C32B8499EC53B /* Pods-Tweet MonitorTests.release.xcconfig */ = {isa = PBXFileReference; includeInIndex = 1; lastKnownFileType = text.xcconfig; name = "Pods-Tweet MonitorTests.release.xcconfig"; path = "Pods/Target Support Files/Pods-Tweet MonitorTests/Pods-Tweet MonitorTests.release.xcconfig"; sourceTree = "<group>"; };
		F55F13E5206E65D600FC067E /* Tweet Monitor.app */ = {isa = PBXFileReference; explicitFileType = wrapper.application; includeInIndex = 0; path = "Tweet Monitor.app"; sourceTree = BUILT_PRODUCTS_DIR; };
		F55F13E8206E65D600FC067E /* AppDelegate.swift */ = {isa = PBXFileReference; lastKnownFileType = sourcecode.swift; path = AppDelegate.swift; sourceTree = "<group>"; };
		F55F13EA206E65D600FC067E /* TimelineViewController.swift */ = {isa = PBXFileReference; lastKnownFileType = sourcecode.swift; path = TimelineViewController.swift; sourceTree = "<group>"; };
		F55F13ED206E65D600FC067E /* Base */ = {isa = PBXFileReference; lastKnownFileType = file.storyboard; name = Base; path = Base.lproj/Main.storyboard; sourceTree = "<group>"; };
		F55F13EF206E65D600FC067E /* Assets.xcassets */ = {isa = PBXFileReference; lastKnownFileType = folder.assetcatalog; path = Assets.xcassets; sourceTree = "<group>"; };
		F55F13F2206E65D600FC067E /* Base */ = {isa = PBXFileReference; lastKnownFileType = file.storyboard; name = Base; path = Base.lproj/LaunchScreen.storyboard; sourceTree = "<group>"; };
		F55F13F4206E65D600FC067E /* Info.plist */ = {isa = PBXFileReference; lastKnownFileType = text.plist.xml; path = Info.plist; sourceTree = "<group>"; };
		F55F13F9206E65D700FC067E /* Tweet MonitorTests.xctest */ = {isa = PBXFileReference; explicitFileType = wrapper.cfbundle; includeInIndex = 0; path = "Tweet MonitorTests.xctest"; sourceTree = BUILT_PRODUCTS_DIR; };
		F55F13FD206E65D700FC067E /* Tweet_MonitorTests.swift */ = {isa = PBXFileReference; lastKnownFileType = sourcecode.swift; path = Tweet_MonitorTests.swift; sourceTree = "<group>"; };
		F55F13FF206E65D700FC067E /* Info.plist */ = {isa = PBXFileReference; lastKnownFileType = text.plist.xml; path = Info.plist; sourceTree = "<group>"; };
		F55F140A20703B1300FC067E /* ListSelectionViewController.swift */ = {isa = PBXFileReference; lastKnownFileType = sourcecode.swift; path = ListSelectionViewController.swift; sourceTree = "<group>"; };
		F55F140C20703C2700FC067E /* Models.swift */ = {isa = PBXFileReference; lastKnownFileType = sourcecode.swift; path = Models.swift; sourceTree = "<group>"; };
		FB09851E4979587FCEB5471D /* Pods_Tweet_Monitor.framework */ = {isa = PBXFileReference; explicitFileType = wrapper.framework; includeInIndex = 0; path = Pods_Tweet_Monitor.framework; sourceTree = BUILT_PRODUCTS_DIR; };
/* End PBXFileReference section */

/* Begin PBXFrameworksBuildPhase section */
		F55F13E2206E65D600FC067E /* Frameworks */ = {
			isa = PBXFrameworksBuildPhase;
			buildActionMask = 2147483647;
			files = (
				A311D598206E7C46003C9242 /* SafariServices.framework in Frameworks */,
				C931309D3E1A24962BD93F7F /* Pods_Tweet_Monitor.framework in Frameworks */,
			);
			runOnlyForDeploymentPostprocessing = 0;
		};
		F55F13F6206E65D700FC067E /* Frameworks */ = {
			isa = PBXFrameworksBuildPhase;
			buildActionMask = 2147483647;
			files = (
				A1615533C3007A3A091C51BA /* Pods_Tweet_MonitorTests.framework in Frameworks */,
			);
			runOnlyForDeploymentPostprocessing = 0;
		};
/* End PBXFrameworksBuildPhase section */

/* Begin PBXGroup section */
		4F5C82FB6D7DE8EE124638ED /* Frameworks */ = {
			isa = PBXGroup;
			children = (
				A311D597206E7C46003C9242 /* SafariServices.framework */,
				FB09851E4979587FCEB5471D /* Pods_Tweet_Monitor.framework */,
				17BE771562D8D19C566C8EB2 /* Pods_Tweet_MonitorTests.framework */,
			);
			name = Frameworks;
			sourceTree = "<group>";
		};
		6AFB5DA6118BCF23CC66F90E /* Pods */ = {
			isa = PBXGroup;
			children = (
				5B5330A95129E93184CA0074 /* Pods-Tweet Monitor.debug.xcconfig */,
				7C0122E792F30362072E05EA /* Pods-Tweet Monitor.release.xcconfig */,
				77B4EF68E7B01DE23AE0FF05 /* Pods-Tweet MonitorTests.debug.xcconfig */,
				F3EEF0ADD85C32B8499EC53B /* Pods-Tweet MonitorTests.release.xcconfig */,
			);
			name = Pods;
			sourceTree = "<group>";
		};
		A394099B206FF7010095320F /* View Controllers */ = {
			isa = PBXGroup;
			children = (
				F55F13E8206E65D600FC067E /* AppDelegate.swift */,
				A3873379206EA8A70064886D /* FilteredListTimelineDataSource.swift */,
				F55F13EA206E65D600FC067E /* TimelineViewController.swift */,
				F55F140A20703B1300FC067E /* ListSelectionViewController.swift */,
				F55F140C20703C2700FC067E /* Models.swift */,
			);
			path = "View Controllers";
			sourceTree = "<group>";
		};
		A394099C206FF7090095320F /* Helpers */ = {
			isa = PBXGroup;
			children = (
				A3940993206FCBED0095320F /* Swifter+Extensions.swift */,
				A3940999206FF0720095320F /* TweetText.swift */,
				A394099F206FF7580095320F /* Constants.swift */,
			);
			path = Helpers;
			sourceTree = "<group>";
		};
		A394099D206FF7160095320F /* Views */ = {
			isa = PBXGroup;
			children = (
				F55F13EC206E65D600FC067E /* Main.storyboard */,
				F55F13F1206E65D600FC067E /* LaunchScreen.storyboard */,
			);
			path = Views;
			sourceTree = "<group>";
		};
		A394099E206FF71C0095320F /* Other */ = {
			isa = PBXGroup;
			children = (
				F55F13EF206E65D600FC067E /* Assets.xcassets */,
				F55F13F4206E65D600FC067E /* Info.plist */,
			);
			path = Other;
			sourceTree = "<group>";
		};
		F55F13DC206E65D600FC067E = {
			isa = PBXGroup;
			children = (
				F55F13E7206E65D600FC067E /* Tweet Monitor */,
				F55F13FC206E65D700FC067E /* Tweet MonitorTests */,
				F55F13E6206E65D600FC067E /* Products */,
				6AFB5DA6118BCF23CC66F90E /* Pods */,
				4F5C82FB6D7DE8EE124638ED /* Frameworks */,
			);
			sourceTree = "<group>";
		};
		F55F13E6206E65D600FC067E /* Products */ = {
			isa = PBXGroup;
			children = (
				F55F13E5206E65D600FC067E /* Tweet Monitor.app */,
				F55F13F9206E65D700FC067E /* Tweet MonitorTests.xctest */,
			);
			name = Products;
			sourceTree = "<group>";
		};
		F55F13E7206E65D600FC067E /* Tweet Monitor */ = {
			isa = PBXGroup;
			children = (
				A394099B206FF7010095320F /* View Controllers */,
				A394099C206FF7090095320F /* Helpers */,
				A394099D206FF7160095320F /* Views */,
				A394099E206FF71C0095320F /* Other */,
			);
			path = "Tweet Monitor";
			sourceTree = "<group>";
		};
		F55F13FC206E65D700FC067E /* Tweet MonitorTests */ = {
			isa = PBXGroup;
			children = (
				F55F13FD206E65D700FC067E /* Tweet_MonitorTests.swift */,
				F55F13FF206E65D700FC067E /* Info.plist */,
			);
			path = "Tweet MonitorTests";
			sourceTree = "<group>";
		};
/* End PBXGroup section */

/* Begin PBXNativeTarget section */
		F55F13E4206E65D600FC067E /* Tweet Monitor */ = {
			isa = PBXNativeTarget;
			buildConfigurationList = F55F1402206E65D700FC067E /* Build configuration list for PBXNativeTarget "Tweet Monitor" */;
			buildPhases = (
				B8076C7C63AFF3783423BA86 /* [CP] Check Pods Manifest.lock */,
				F55F13E1206E65D600FC067E /* Sources */,
				F55F13E2206E65D600FC067E /* Frameworks */,
				F55F13E3206E65D600FC067E /* Resources */,
				7A30C9CD6507F94901AD4CA7 /* [CP] Embed Pods Frameworks */,
				68A1B00E090155CB4CF21433 /* [CP] Copy Pods Resources */,
			);
			buildRules = (
			);
			dependencies = (
			);
			name = "Tweet Monitor";
			productName = "Tweet Monitor";
			productReference = F55F13E5206E65D600FC067E /* Tweet Monitor.app */;
			productType = "com.apple.product-type.application";
		};
		F55F13F8206E65D700FC067E /* Tweet MonitorTests */ = {
			isa = PBXNativeTarget;
			buildConfigurationList = F55F1405206E65D700FC067E /* Build configuration list for PBXNativeTarget "Tweet MonitorTests" */;
			buildPhases = (
				C650929DF158F0EE4DF60E43 /* [CP] Check Pods Manifest.lock */,
				F55F13F5206E65D700FC067E /* Sources */,
				F55F13F6206E65D700FC067E /* Frameworks */,
				F55F13F7206E65D700FC067E /* Resources */,
				9FAE485C3CEC7C9AC2F4B5A3 /* [CP] Embed Pods Frameworks */,
				D08B8AE8643DCD433A4D504F /* [CP] Copy Pods Resources */,
			);
			buildRules = (
			);
			dependencies = (
				F55F13FB206E65D700FC067E /* PBXTargetDependency */,
			);
			name = "Tweet MonitorTests";
			productName = "Tweet MonitorTests";
			productReference = F55F13F9206E65D700FC067E /* Tweet MonitorTests.xctest */;
			productType = "com.apple.product-type.bundle.unit-test";
		};
/* End PBXNativeTarget section */

/* Begin PBXProject section */
		F55F13DD206E65D600FC067E /* Project object */ = {
			isa = PBXProject;
			attributes = {
				LastSwiftUpdateCheck = 0920;
				LastUpgradeCheck = 0920;
				ORGANIZATIONNAME = "Luke Stringer";
				TargetAttributes = {
					F55F13E4206E65D600FC067E = {
						CreatedOnToolsVersion = 9.2;
						ProvisioningStyle = Automatic;
					};
					F55F13F8206E65D700FC067E = {
						CreatedOnToolsVersion = 9.2;
						ProvisioningStyle = Automatic;
						TestTargetID = F55F13E4206E65D600FC067E;
					};
				};
			};
			buildConfigurationList = F55F13E0206E65D600FC067E /* Build configuration list for PBXProject "Tweet Monitor" */;
			compatibilityVersion = "Xcode 8.0";
			developmentRegion = en;
			hasScannedForEncodings = 0;
			knownRegions = (
				en,
				Base,
			);
			mainGroup = F55F13DC206E65D600FC067E;
			productRefGroup = F55F13E6206E65D600FC067E /* Products */;
			projectDirPath = "";
			projectRoot = "";
			targets = (
				F55F13E4206E65D600FC067E /* Tweet Monitor */,
				F55F13F8206E65D700FC067E /* Tweet MonitorTests */,
			);
		};
/* End PBXProject section */

/* Begin PBXResourcesBuildPhase section */
		F55F13E3206E65D600FC067E /* Resources */ = {
			isa = PBXResourcesBuildPhase;
			buildActionMask = 2147483647;
			files = (
				F55F13F3206E65D600FC067E /* LaunchScreen.storyboard in Resources */,
				F55F13F0206E65D600FC067E /* Assets.xcassets in Resources */,
				F55F13EE206E65D600FC067E /* Main.storyboard in Resources */,
			);
			runOnlyForDeploymentPostprocessing = 0;
		};
		F55F13F7206E65D700FC067E /* Resources */ = {
			isa = PBXResourcesBuildPhase;
			buildActionMask = 2147483647;
			files = (
			);
			runOnlyForDeploymentPostprocessing = 0;
		};
/* End PBXResourcesBuildPhase section */

/* Begin PBXShellScriptBuildPhase section */
		68A1B00E090155CB4CF21433 /* [CP] Copy Pods Resources */ = {
			isa = PBXShellScriptBuildPhase;
			buildActionMask = 2147483647;
			files = (
			);
			inputPaths = (
				"${SRCROOT}/Pods/Target Support Files/Pods-Tweet Monitor/Pods-Tweet Monitor-resources.sh",
				"${PODS_ROOT}/TwitterKit/iOS/TwitterKit.framework/TwitterKitResources.bundle",
				"${PODS_ROOT}/TwitterKit/iOS/TwitterKit.framework/TwitterShareExtensionUIResources.bundle",
			);
			name = "[CP] Copy Pods Resources";
			outputPaths = (
				"${TARGET_BUILD_DIR}/${UNLOCALIZED_RESOURCES_FOLDER_PATH}",
			);
			runOnlyForDeploymentPostprocessing = 0;
			shellPath = /bin/sh;
			shellScript = "\"${SRCROOT}/Pods/Target Support Files/Pods-Tweet Monitor/Pods-Tweet Monitor-resources.sh\"\n";
			showEnvVarsInLog = 0;
		};
		7A30C9CD6507F94901AD4CA7 /* [CP] Embed Pods Frameworks */ = {
			isa = PBXShellScriptBuildPhase;
			buildActionMask = 2147483647;
			files = (
			);
			inputPaths = (
				"${SRCROOT}/Pods/Target Support Files/Pods-Tweet Monitor/Pods-Tweet Monitor-frameworks.sh",
				"${BUILT_PRODUCTS_DIR}/Keys/Keys.framework",
				"${BUILT_PRODUCTS_DIR}/Swifter/Swifter.framework",
				"${PODS_ROOT}/TwitterCore/iOS/TwitterCore.framework",
				"${PODS_ROOT}/TwitterKit/iOS/TwitterKit.framework",
			);
			name = "[CP] Embed Pods Frameworks";
			outputPaths = (
				"${TARGET_BUILD_DIR}/${FRAMEWORKS_FOLDER_PATH}/Keys.framework",
				"${TARGET_BUILD_DIR}/${FRAMEWORKS_FOLDER_PATH}/Swifter.framework",
				"${TARGET_BUILD_DIR}/${FRAMEWORKS_FOLDER_PATH}/TwitterCore.framework",
				"${TARGET_BUILD_DIR}/${FRAMEWORKS_FOLDER_PATH}/TwitterKit.framework",
			);
			runOnlyForDeploymentPostprocessing = 0;
			shellPath = /bin/sh;
			shellScript = "\"${SRCROOT}/Pods/Target Support Files/Pods-Tweet Monitor/Pods-Tweet Monitor-frameworks.sh\"\n";
			showEnvVarsInLog = 0;
		};
		9FAE485C3CEC7C9AC2F4B5A3 /* [CP] Embed Pods Frameworks */ = {
			isa = PBXShellScriptBuildPhase;
			buildActionMask = 2147483647;
			files = (
			);
			inputPaths = (
			);
			name = "[CP] Embed Pods Frameworks";
			outputPaths = (
			);
			runOnlyForDeploymentPostprocessing = 0;
			shellPath = /bin/sh;
			shellScript = "\"${SRCROOT}/Pods/Target Support Files/Pods-Tweet MonitorTests/Pods-Tweet MonitorTests-frameworks.sh\"\n";
			showEnvVarsInLog = 0;
		};
		B8076C7C63AFF3783423BA86 /* [CP] Check Pods Manifest.lock */ = {
			isa = PBXShellScriptBuildPhase;
			buildActionMask = 2147483647;
			files = (
			);
			inputPaths = (
				"${PODS_PODFILE_DIR_PATH}/Podfile.lock",
				"${PODS_ROOT}/Manifest.lock",
			);
			name = "[CP] Check Pods Manifest.lock";
			outputPaths = (
				"$(DERIVED_FILE_DIR)/Pods-Tweet Monitor-checkManifestLockResult.txt",
			);
			runOnlyForDeploymentPostprocessing = 0;
			shellPath = /bin/sh;
			shellScript = "diff \"${PODS_PODFILE_DIR_PATH}/Podfile.lock\" \"${PODS_ROOT}/Manifest.lock\" > /dev/null\nif [ $? != 0 ] ; then\n    # print error to STDERR\n    echo \"error: The sandbox is not in sync with the Podfile.lock. Run 'pod install' or update your CocoaPods installation.\" >&2\n    exit 1\nfi\n# This output is used by Xcode 'outputs' to avoid re-running this script phase.\necho \"SUCCESS\" > \"${SCRIPT_OUTPUT_FILE_0}\"\n";
			showEnvVarsInLog = 0;
		};
		C650929DF158F0EE4DF60E43 /* [CP] Check Pods Manifest.lock */ = {
			isa = PBXShellScriptBuildPhase;
			buildActionMask = 2147483647;
			files = (
			);
			inputPaths = (
				"${PODS_PODFILE_DIR_PATH}/Podfile.lock",
				"${PODS_ROOT}/Manifest.lock",
			);
			name = "[CP] Check Pods Manifest.lock";
			outputPaths = (
				"$(DERIVED_FILE_DIR)/Pods-Tweet MonitorTests-checkManifestLockResult.txt",
			);
			runOnlyForDeploymentPostprocessing = 0;
			shellPath = /bin/sh;
			shellScript = "diff \"${PODS_PODFILE_DIR_PATH}/Podfile.lock\" \"${PODS_ROOT}/Manifest.lock\" > /dev/null\nif [ $? != 0 ] ; then\n    # print error to STDERR\n    echo \"error: The sandbox is not in sync with the Podfile.lock. Run 'pod install' or update your CocoaPods installation.\" >&2\n    exit 1\nfi\n# This output is used by Xcode 'outputs' to avoid re-running this script phase.\necho \"SUCCESS\" > \"${SCRIPT_OUTPUT_FILE_0}\"\n";
			showEnvVarsInLog = 0;
		};
		D08B8AE8643DCD433A4D504F /* [CP] Copy Pods Resources */ = {
			isa = PBXShellScriptBuildPhase;
			buildActionMask = 2147483647;
			files = (
			);
			inputPaths = (
			);
			name = "[CP] Copy Pods Resources";
			outputPaths = (
			);
			runOnlyForDeploymentPostprocessing = 0;
			shellPath = /bin/sh;
			shellScript = "\"${SRCROOT}/Pods/Target Support Files/Pods-Tweet MonitorTests/Pods-Tweet MonitorTests-resources.sh\"\n";
			showEnvVarsInLog = 0;
		};
/* End PBXShellScriptBuildPhase section */

/* Begin PBXSourcesBuildPhase section */
		F55F13E1206E65D600FC067E /* Sources */ = {
			isa = PBXSourcesBuildPhase;
			buildActionMask = 2147483647;
			files = (
				A39409A0206FF7580095320F /* Constants.swift in Sources */,
				F55F13EB206E65D600FC067E /* TimelineViewController.swift in Sources */,
				A394099A206FF0720095320F /* TweetText.swift in Sources */,
				F55F140D20703C2700FC067E /* Models.swift in Sources */,
				F55F140B20703B1300FC067E /* ListSelectionViewController.swift in Sources */,
				F55F13E9206E65D600FC067E /* AppDelegate.swift in Sources */,
				A3940994206FCBED0095320F /* Swifter+Extensions.swift in Sources */,
				A387337A206EA8A70064886D /* FilteredListTimelineDataSource.swift in Sources */,
			);
			runOnlyForDeploymentPostprocessing = 0;
		};
		F55F13F5206E65D700FC067E /* Sources */ = {
			isa = PBXSourcesBuildPhase;
			buildActionMask = 2147483647;
			files = (
				F55F13FE206E65D700FC067E /* Tweet_MonitorTests.swift in Sources */,
			);
			runOnlyForDeploymentPostprocessing = 0;
		};
/* End PBXSourcesBuildPhase section */

/* Begin PBXTargetDependency section */
		F55F13FB206E65D700FC067E /* PBXTargetDependency */ = {
			isa = PBXTargetDependency;
			target = F55F13E4206E65D600FC067E /* Tweet Monitor */;
			targetProxy = F55F13FA206E65D700FC067E /* PBXContainerItemProxy */;
		};
/* End PBXTargetDependency section */

/* Begin PBXVariantGroup section */
		F55F13EC206E65D600FC067E /* Main.storyboard */ = {
			isa = PBXVariantGroup;
			children = (
				F55F13ED206E65D600FC067E /* Base */,
			);
			name = Main.storyboard;
			sourceTree = "<group>";
		};
		F55F13F1206E65D600FC067E /* LaunchScreen.storyboard */ = {
			isa = PBXVariantGroup;
			children = (
				F55F13F2206E65D600FC067E /* Base */,
			);
			name = LaunchScreen.storyboard;
			sourceTree = "<group>";
		};
/* End PBXVariantGroup section */

/* Begin XCBuildConfiguration section */
		F55F1400206E65D700FC067E /* Debug */ = {
			isa = XCBuildConfiguration;
			buildSettings = {
				ALWAYS_SEARCH_USER_PATHS = NO;
				CLANG_ANALYZER_NONNULL = YES;
				CLANG_ANALYZER_NUMBER_OBJECT_CONVERSION = YES_AGGRESSIVE;
				CLANG_CXX_LANGUAGE_STANDARD = "gnu++14";
				CLANG_CXX_LIBRARY = "libc++";
				CLANG_ENABLE_MODULES = YES;
				CLANG_ENABLE_OBJC_ARC = YES;
				CLANG_WARN_BLOCK_CAPTURE_AUTORELEASING = YES;
				CLANG_WARN_BOOL_CONVERSION = YES;
				CLANG_WARN_COMMA = YES;
				CLANG_WARN_CONSTANT_CONVERSION = YES;
				CLANG_WARN_DIRECT_OBJC_ISA_USAGE = YES_ERROR;
				CLANG_WARN_DOCUMENTATION_COMMENTS = YES;
				CLANG_WARN_EMPTY_BODY = YES;
				CLANG_WARN_ENUM_CONVERSION = YES;
				CLANG_WARN_INFINITE_RECURSION = YES;
				CLANG_WARN_INT_CONVERSION = YES;
				CLANG_WARN_NON_LITERAL_NULL_CONVERSION = YES;
				CLANG_WARN_OBJC_LITERAL_CONVERSION = YES;
				CLANG_WARN_OBJC_ROOT_CLASS = YES_ERROR;
				CLANG_WARN_RANGE_LOOP_ANALYSIS = YES;
				CLANG_WARN_STRICT_PROTOTYPES = YES;
				CLANG_WARN_SUSPICIOUS_MOVE = YES;
				CLANG_WARN_UNGUARDED_AVAILABILITY = YES_AGGRESSIVE;
				CLANG_WARN_UNREACHABLE_CODE = YES;
				CLANG_WARN__DUPLICATE_METHOD_MATCH = YES;
				CODE_SIGN_IDENTITY = "iPhone Developer";
				COPY_PHASE_STRIP = NO;
				DEBUG_INFORMATION_FORMAT = dwarf;
				ENABLE_STRICT_OBJC_MSGSEND = YES;
				ENABLE_TESTABILITY = YES;
				GCC_C_LANGUAGE_STANDARD = gnu11;
				GCC_DYNAMIC_NO_PIC = NO;
				GCC_NO_COMMON_BLOCKS = YES;
				GCC_OPTIMIZATION_LEVEL = 0;
				GCC_PREPROCESSOR_DEFINITIONS = (
					"DEBUG=1",
					"$(inherited)",
				);
				GCC_WARN_64_TO_32_BIT_CONVERSION = YES;
				GCC_WARN_ABOUT_RETURN_TYPE = YES_ERROR;
				GCC_WARN_UNDECLARED_SELECTOR = YES;
				GCC_WARN_UNINITIALIZED_AUTOS = YES_AGGRESSIVE;
				GCC_WARN_UNUSED_FUNCTION = YES;
				GCC_WARN_UNUSED_VARIABLE = YES;
				IPHONEOS_DEPLOYMENT_TARGET = 11.2;
				MTL_ENABLE_DEBUG_INFO = YES;
				ONLY_ACTIVE_ARCH = YES;
				SDKROOT = iphoneos;
				SWIFT_ACTIVE_COMPILATION_CONDITIONS = DEBUG;
				SWIFT_OPTIMIZATION_LEVEL = "-Onone";
			};
			name = Debug;
		};
		F55F1401206E65D700FC067E /* Release */ = {
			isa = XCBuildConfiguration;
			buildSettings = {
				ALWAYS_SEARCH_USER_PATHS = NO;
				CLANG_ANALYZER_NONNULL = YES;
				CLANG_ANALYZER_NUMBER_OBJECT_CONVERSION = YES_AGGRESSIVE;
				CLANG_CXX_LANGUAGE_STANDARD = "gnu++14";
				CLANG_CXX_LIBRARY = "libc++";
				CLANG_ENABLE_MODULES = YES;
				CLANG_ENABLE_OBJC_ARC = YES;
				CLANG_WARN_BLOCK_CAPTURE_AUTORELEASING = YES;
				CLANG_WARN_BOOL_CONVERSION = YES;
				CLANG_WARN_COMMA = YES;
				CLANG_WARN_CONSTANT_CONVERSION = YES;
				CLANG_WARN_DIRECT_OBJC_ISA_USAGE = YES_ERROR;
				CLANG_WARN_DOCUMENTATION_COMMENTS = YES;
				CLANG_WARN_EMPTY_BODY = YES;
				CLANG_WARN_ENUM_CONVERSION = YES;
				CLANG_WARN_INFINITE_RECURSION = YES;
				CLANG_WARN_INT_CONVERSION = YES;
				CLANG_WARN_NON_LITERAL_NULL_CONVERSION = YES;
				CLANG_WARN_OBJC_LITERAL_CONVERSION = YES;
				CLANG_WARN_OBJC_ROOT_CLASS = YES_ERROR;
				CLANG_WARN_RANGE_LOOP_ANALYSIS = YES;
				CLANG_WARN_STRICT_PROTOTYPES = YES;
				CLANG_WARN_SUSPICIOUS_MOVE = YES;
				CLANG_WARN_UNGUARDED_AVAILABILITY = YES_AGGRESSIVE;
				CLANG_WARN_UNREACHABLE_CODE = YES;
				CLANG_WARN__DUPLICATE_METHOD_MATCH = YES;
				CODE_SIGN_IDENTITY = "iPhone Developer";
				COPY_PHASE_STRIP = NO;
				DEBUG_INFORMATION_FORMAT = "dwarf-with-dsym";
				ENABLE_NS_ASSERTIONS = NO;
				ENABLE_STRICT_OBJC_MSGSEND = YES;
				GCC_C_LANGUAGE_STANDARD = gnu11;
				GCC_NO_COMMON_BLOCKS = YES;
				GCC_WARN_64_TO_32_BIT_CONVERSION = YES;
				GCC_WARN_ABOUT_RETURN_TYPE = YES_ERROR;
				GCC_WARN_UNDECLARED_SELECTOR = YES;
				GCC_WARN_UNINITIALIZED_AUTOS = YES_AGGRESSIVE;
				GCC_WARN_UNUSED_FUNCTION = YES;
				GCC_WARN_UNUSED_VARIABLE = YES;
				IPHONEOS_DEPLOYMENT_TARGET = 11.2;
				MTL_ENABLE_DEBUG_INFO = NO;
				SDKROOT = iphoneos;
				SWIFT_OPTIMIZATION_LEVEL = "-Owholemodule";
				VALIDATE_PRODUCT = YES;
			};
			name = Release;
		};
		F55F1403206E65D700FC067E /* Debug */ = {
			isa = XCBuildConfiguration;
			baseConfigurationReference = 5B5330A95129E93184CA0074 /* Pods-Tweet Monitor.debug.xcconfig */;
			buildSettings = {
				ASSETCATALOG_COMPILER_APPICON_NAME = AppIcon;
				CODE_SIGN_STYLE = Automatic;
				DEVELOPMENT_TEAM = C7F3D3W6BZ;
				INFOPLIST_FILE = "$(SRCROOT)/Tweet Monitor/Other/Info.plist";
				LD_RUNPATH_SEARCH_PATHS = "$(inherited) @executable_path/Frameworks";
				PRODUCT_BUNDLE_IDENTIFIER = "me.lukestringer.Tweet-Monitor";
				PRODUCT_NAME = "$(TARGET_NAME)";
				SWIFT_VERSION = 4.0;
				TARGETED_DEVICE_FAMILY = "1,2";
			};
			name = Debug;
		};
		F55F1404206E65D700FC067E /* Release */ = {
			isa = XCBuildConfiguration;
			baseConfigurationReference = 7C0122E792F30362072E05EA /* Pods-Tweet Monitor.release.xcconfig */;
			buildSettings = {
				ASSETCATALOG_COMPILER_APPICON_NAME = AppIcon;
				CODE_SIGN_STYLE = Automatic;
				DEVELOPMENT_TEAM = C7F3D3W6BZ;
				INFOPLIST_FILE = "$(SRCROOT)/Tweet Monitor/Other/Info.plist";
				LD_RUNPATH_SEARCH_PATHS = "$(inherited) @executable_path/Frameworks";
				PRODUCT_BUNDLE_IDENTIFIER = "me.lukestringer.Tweet-Monitor";
				PRODUCT_NAME = "$(TARGET_NAME)";
				SWIFT_VERSION = 4.0;
				TARGETED_DEVICE_FAMILY = "1,2";
			};
			name = Release;
		};
		F55F1406206E65D700FC067E /* Debug */ = {
			isa = XCBuildConfiguration;
			baseConfigurationReference = 77B4EF68E7B01DE23AE0FF05 /* Pods-Tweet MonitorTests.debug.xcconfig */;
			buildSettings = {
				ALWAYS_EMBED_SWIFT_STANDARD_LIBRARIES = YES;
				BUNDLE_LOADER = "$(TEST_HOST)";
				CODE_SIGN_STYLE = Automatic;
				INFOPLIST_FILE = "Tweet MonitorTests/Info.plist";
				LD_RUNPATH_SEARCH_PATHS = "$(inherited) @executable_path/Frameworks @loader_path/Frameworks";
				PRODUCT_BUNDLE_IDENTIFIER = "me.lukestringer.Tweet-MonitorTests";
				PRODUCT_NAME = "$(TARGET_NAME)";
				SWIFT_VERSION = 4.0;
				TARGETED_DEVICE_FAMILY = "1,2";
				TEST_HOST = "$(BUILT_PRODUCTS_DIR)/Tweet Monitor.app/Tweet Monitor";
			};
			name = Debug;
		};
		F55F1407206E65D700FC067E /* Release */ = {
			isa = XCBuildConfiguration;
			baseConfigurationReference = F3EEF0ADD85C32B8499EC53B /* Pods-Tweet MonitorTests.release.xcconfig */;
			buildSettings = {
				ALWAYS_EMBED_SWIFT_STANDARD_LIBRARIES = YES;
				BUNDLE_LOADER = "$(TEST_HOST)";
				CODE_SIGN_STYLE = Automatic;
				INFOPLIST_FILE = "Tweet MonitorTests/Info.plist";
				LD_RUNPATH_SEARCH_PATHS = "$(inherited) @executable_path/Frameworks @loader_path/Frameworks";
				PRODUCT_BUNDLE_IDENTIFIER = "me.lukestringer.Tweet-MonitorTests";
				PRODUCT_NAME = "$(TARGET_NAME)";
				SWIFT_VERSION = 4.0;
				TARGETED_DEVICE_FAMILY = "1,2";
				TEST_HOST = "$(BUILT_PRODUCTS_DIR)/Tweet Monitor.app/Tweet Monitor";
			};
			name = Release;
		};
/* End XCBuildConfiguration section */

/* Begin XCConfigurationList section */
		F55F13E0206E65D600FC067E /* Build configuration list for PBXProject "Tweet Monitor" */ = {
			isa = XCConfigurationList;
			buildConfigurations = (
				F55F1400206E65D700FC067E /* Debug */,
				F55F1401206E65D700FC067E /* Release */,
			);
			defaultConfigurationIsVisible = 0;
			defaultConfigurationName = Release;
		};
		F55F1402206E65D700FC067E /* Build configuration list for PBXNativeTarget "Tweet Monitor" */ = {
			isa = XCConfigurationList;
			buildConfigurations = (
				F55F1403206E65D700FC067E /* Debug */,
				F55F1404206E65D700FC067E /* Release */,
			);
			defaultConfigurationIsVisible = 0;
			defaultConfigurationName = Release;
		};
		F55F1405206E65D700FC067E /* Build configuration list for PBXNativeTarget "Tweet MonitorTests" */ = {
			isa = XCConfigurationList;
			buildConfigurations = (
				F55F1406206E65D700FC067E /* Debug */,
				F55F1407206E65D700FC067E /* Release */,
			);
			defaultConfigurationIsVisible = 0;
			defaultConfigurationName = Release;
		};
/* End XCConfigurationList section */
	};
	rootObject = F55F13DD206E65D600FC067E /* Project object */;
}
